
Microsoft Visual Studio Solution File, Format Version 12.00
# Visual Studio Version 16
VisualStudioVersion = 16.0.30320.27
MinimumVisualStudioVersion = 10.0.40219.1
Project("{9A19103F-16F7-4668-BE54-9A1E7A4F7556}") = "WindowsAuthentication", "WindowsAuthentication\WindowsAuthentication.csproj", "{9D181B57-83CD-47F6-AD8D-86EFDEF6B347}"
EndProject
Project("{FAE04EC0-301F-11D3-BF4B-00C04F79EFBC}") = "api", "api\api.csproj", "{641F2167-7B89-45DE-B9EB-0A881BDC8421}"
EndProject
Global
	GlobalSection(SolutionConfigurationPlatforms) = preSolution
		Debug|Any CPU = Debug|Any CPU
		Release|Any CPU = Release|Any CPU
	EndGlobalSection
	GlobalSection(ProjectConfigurationPlatforms) = postSolution
		{9D181B57-83CD-47F6-AD8D-86EFDEF6B347}.Debug|Any CPU.ActiveCfg = Debug|Any CPU
		{9D181B57-83CD-47F6-AD8D-86EFDEF6B347}.Debug|Any CPU.Build.0 = Debug|Any CPU
		{9D181B57-83CD-47F6-AD8D-86EFDEF6B347}.Release|Any CPU.ActiveCfg = Release|Any CPU
		{9D181B57-83CD-47F6-AD8D-86EFDEF6B347}.Release|Any CPU.Build.0 = Release|Any CPU
		{641F2167-7B89-45DE-B9EB-0A881BDC8421}.Debug|Any CPU.ActiveCfg = Debug|Any CPU
		{641F2167-7B89-45DE-B9EB-0A881BDC8421}.Debug|Any CPU.Build.0 = Debug|Any CPU
		{641F2167-7B89-45DE-B9EB-0A881BDC8421}.Release|Any CPU.ActiveCfg = Release|Any CPU
		{641F2167-7B89-45DE-B9EB-0A881BDC8421}.Release|Any CPU.Build.0 = Release|Any CPU
	EndGlobalSection
	GlobalSection(SolutionProperties) = preSolution
		HideSolutionNode = FALSE
	EndGlobalSection
	GlobalSection(ExtensibilityGlobals) = postSolution
		SolutionGuid = {59000F63-B1E2-4B5F-9B00-79A844D378A7}
	EndGlobalSection
EndGlobal
